// !$*UTF8*$!
{
	archiveVersion = 1;
	classes = {
	};
	objectVersion = 50;
	objects = {

/* Begin PBXBuildFile section */
		2372158E26E9D9EA00FCD989 /* AppDelegate.swift in Sources */ = {isa = PBXBuildFile; fileRef = 2372158D26E9D9EA00FCD989 /* AppDelegate.swift */; };
		2372159026E9D9EA00FCD989 /* SceneDelegate.swift in Sources */ = {isa = PBXBuildFile; fileRef = 2372158F26E9D9EA00FCD989 /* SceneDelegate.swift */; };
		2372159226E9D9EA00FCD989 /* ViewController.swift in Sources */ = {isa = PBXBuildFile; fileRef = 2372159126E9D9EA00FCD989 /* ViewController.swift */; };
		2372159526E9D9EA00FCD989 /* Main.storyboard in Resources */ = {isa = PBXBuildFile; fileRef = 2372159326E9D9EA00FCD989 /* Main.storyboard */; };
		2372159726E9D9EB00FCD989 /* Assets.xcassets in Resources */ = {isa = PBXBuildFile; fileRef = 2372159626E9D9EB00FCD989 /* Assets.xcassets */; };
		2372159A26E9D9EB00FCD989 /* LaunchScreen.storyboard in Resources */ = {isa = PBXBuildFile; fileRef = 2372159826E9D9EB00FCD989 /* LaunchScreen.storyboard */; };
		237215A326E9F0E700FCD989 /* TrackingPrompt.storyboard in Resources */ = {isa = PBXBuildFile; fileRef = 237215A226E9F0E700FCD989 /* TrackingPrompt.storyboard */; };
		237215A526E9F10500FCD989 /* TrackingPromptViewController.swift in Sources */ = {isa = PBXBuildFile; fileRef = 237215A426E9F10500FCD989 /* TrackingPromptViewController.swift */; };
		237215B426EA2EB400FCD989 /* Lato-Bold.ttf in Resources */ = {isa = PBXBuildFile; fileRef = 237215B026EA2EB400FCD989 /* Lato-Bold.ttf */; };
		237215B526EA2EB400FCD989 /* Lato-Regular.ttf in Resources */ = {isa = PBXBuildFile; fileRef = 237215B126EA2EB400FCD989 /* Lato-Regular.ttf */; };
		237215B626EA2EB400FCD989 /* Lato-Light.ttf in Resources */ = {isa = PBXBuildFile; fileRef = 237215B226EA2EB400FCD989 /* Lato-Light.ttf */; };
		237215B726EA2EB400FCD989 /* Lato-Medium.ttf in Resources */ = {isa = PBXBuildFile; fileRef = 237215B326EA2EB400FCD989 /* Lato-Medium.ttf */; };
/* End PBXBuildFile section */

/* Begin PBXFileReference section */
		2372158A26E9D9EA00FCD989 /* tracking_prompt_bayut.app */ = {isa = PBXFileReference; explicitFileType = wrapper.application; includeInIndex = 0; path = tracking_prompt_bayut.app; sourceTree = BUILT_PRODUCTS_DIR; };
		2372158D26E9D9EA00FCD989 /* AppDelegate.swift */ = {isa = PBXFileReference; lastKnownFileType = sourcecode.swift; path = AppDelegate.swift; sourceTree = "<group>"; };
		2372158F26E9D9EA00FCD989 /* SceneDelegate.swift */ = {isa = PBXFileReference; lastKnownFileType = sourcecode.swift; path = SceneDelegate.swift; sourceTree = "<group>"; };
		2372159126E9D9EA00FCD989 /* ViewController.swift */ = {isa = PBXFileReference; lastKnownFileType = sourcecode.swift; path = ViewController.swift; sourceTree = "<group>"; };
		2372159426E9D9EA00FCD989 /* Base */ = {isa = PBXFileReference; lastKnownFileType = file.storyboard; name = Base; path = Base.lproj/Main.storyboard; sourceTree = "<group>"; };
		2372159626E9D9EB00FCD989 /* Assets.xcassets */ = {isa = PBXFileReference; lastKnownFileType = folder.assetcatalog; path = Assets.xcassets; sourceTree = "<group>"; };
		2372159926E9D9EB00FCD989 /* Base */ = {isa = PBXFileReference; lastKnownFileType = file.storyboard; name = Base; path = Base.lproj/LaunchScreen.storyboard; sourceTree = "<group>"; };
		2372159B26E9D9EB00FCD989 /* Info.plist */ = {isa = PBXFileReference; lastKnownFileType = text.plist.xml; path = Info.plist; sourceTree = "<group>"; };
		237215A226E9F0E700FCD989 /* TrackingPrompt.storyboard */ = {isa = PBXFileReference; lastKnownFileType = file.storyboard; path = TrackingPrompt.storyboard; sourceTree = "<group>"; };
		237215A426E9F10500FCD989 /* TrackingPromptViewController.swift */ = {isa = PBXFileReference; lastKnownFileType = sourcecode.swift; path = TrackingPromptViewController.swift; sourceTree = "<group>"; };
		237215B026EA2EB400FCD989 /* Lato-Bold.ttf */ = {isa = PBXFileReference; lastKnownFileType = file; path = "Lato-Bold.ttf"; sourceTree = "<group>"; };
		237215B126EA2EB400FCD989 /* Lato-Regular.ttf */ = {isa = PBXFileReference; lastKnownFileType = file; path = "Lato-Regular.ttf"; sourceTree = "<group>"; };
		237215B226EA2EB400FCD989 /* Lato-Light.ttf */ = {isa = PBXFileReference; lastKnownFileType = file; path = "Lato-Light.ttf"; sourceTree = "<group>"; };
		237215B326EA2EB400FCD989 /* Lato-Medium.ttf */ = {isa = PBXFileReference; lastKnownFileType = file; path = "Lato-Medium.ttf"; sourceTree = "<group>"; };
/* End PBXFileReference section */

/* Begin PBXFrameworksBuildPhase section */
		2372158726E9D9EA00FCD989 /* Frameworks */ = {
			isa = PBXFrameworksBuildPhase;
			buildActionMask = 2147483647;
			files = (
			);
			runOnlyForDeploymentPostprocessing = 0;
		};
/* End PBXFrameworksBuildPhase section */

/* Begin PBXGroup section */
		2372158126E9D9EA00FCD989 = {
			isa = PBXGroup;
			children = (
				2372158C26E9D9EA00FCD989 /* tracking_prompt_bayut */,
				2372158B26E9D9EA00FCD989 /* Products */,
			);
			sourceTree = "<group>";
		};
		2372158B26E9D9EA00FCD989 /* Products */ = {
			isa = PBXGroup;
			children = (
				2372158A26E9D9EA00FCD989 /* tracking_prompt_bayut.app */,
			);
			name = Products;
			sourceTree = "<group>";
		};
		2372158C26E9D9EA00FCD989 /* tracking_prompt_bayut */ = {
			isa = PBXGroup;
			children = (
				237215A626E9FA3000FCD989 /* bayut_fonts */,
				237215A126E9F0C400FCD989 /* TrackingPrompt */,
				2372158D26E9D9EA00FCD989 /* AppDelegate.swift */,
				2372158F26E9D9EA00FCD989 /* SceneDelegate.swift */,
				2372159126E9D9EA00FCD989 /* ViewController.swift */,
				2372159326E9D9EA00FCD989 /* Main.storyboard */,
				2372159626E9D9EB00FCD989 /* Assets.xcassets */,
				2372159826E9D9EB00FCD989 /* LaunchScreen.storyboard */,
				2372159B26E9D9EB00FCD989 /* Info.plist */,
			);
			path = tracking_prompt_bayut;
			sourceTree = "<group>";
		};
		237215A126E9F0C400FCD989 /* TrackingPrompt */ = {
			isa = PBXGroup;
			children = (
				237215A226E9F0E700FCD989 /* TrackingPrompt.storyboard */,
				237215A426E9F10500FCD989 /* TrackingPromptViewController.swift */,
			);
			path = TrackingPrompt;
			sourceTree = "<group>";
		};
		237215A626E9FA3000FCD989 /* bayut_fonts */ = {
			isa = PBXGroup;
			children = (
				237215AF26EA2EB400FCD989 /* Lato */,
			);
			path = bayut_fonts;
			sourceTree = "<group>";
		};
		237215AF26EA2EB400FCD989 /* Lato */ = {
			isa = PBXGroup;
			children = (
				237215B026EA2EB400FCD989 /* Lato-Bold.ttf */,
				237215B126EA2EB400FCD989 /* Lato-Regular.ttf */,
				237215B226EA2EB400FCD989 /* Lato-Light.ttf */,
				237215B326EA2EB400FCD989 /* Lato-Medium.ttf */,
			);
			path = Lato;
			sourceTree = "<group>";
		};
/* End PBXGroup section */

/* Begin PBXNativeTarget section */
		2372158926E9D9EA00FCD989 /* tracking_prompt_bayut */ = {
			isa = PBXNativeTarget;
			buildConfigurationList = 2372159E26E9D9EB00FCD989 /* Build configuration list for PBXNativeTarget "tracking_prompt_bayut" */;
			buildPhases = (
				2372158626E9D9EA00FCD989 /* Sources */,
				2372158726E9D9EA00FCD989 /* Frameworks */,
				2372158826E9D9EA00FCD989 /* Resources */,
			);
			buildRules = (
			);
			dependencies = (
			);
			name = tracking_prompt_bayut;
			productName = tracking_prompt_bayut;
			productReference = 2372158A26E9D9EA00FCD989 /* tracking_prompt_bayut.app */;
			productType = "com.apple.product-type.application";
		};
/* End PBXNativeTarget section */

/* Begin PBXProject section */
		2372158226E9D9EA00FCD989 /* Project object */ = {
			isa = PBXProject;
			attributes = {
				LastSwiftUpdateCheck = 1250;
				LastUpgradeCheck = 1250;
				TargetAttributes = {
					2372158926E9D9EA00FCD989 = {
						CreatedOnToolsVersion = 12.5.1;
					};
				};
			};
			buildConfigurationList = 2372158526E9D9EA00FCD989 /* Build configuration list for PBXProject "tracking_prompt_bayut" */;
			compatibilityVersion = "Xcode 9.3";
			developmentRegion = en;
			hasScannedForEncodings = 0;
			knownRegions = (
				en,
				Base,
			);
			mainGroup = 2372158126E9D9EA00FCD989;
			productRefGroup = 2372158B26E9D9EA00FCD989 /* Products */;
			projectDirPath = "";
			projectRoot = "";
			targets = (
				2372158926E9D9EA00FCD989 /* tracking_prompt_bayut */,
			);
		};
/* End PBXProject section */

/* Begin PBXResourcesBuildPhase section */
		2372158826E9D9EA00FCD989 /* Resources */ = {
			isa = PBXResourcesBuildPhase;
			buildActionMask = 2147483647;
			files = (
				2372159A26E9D9EB00FCD989 /* LaunchScreen.storyboard in Resources */,
				237215B426EA2EB400FCD989 /* Lato-Bold.ttf in Resources */,
				237215A326E9F0E700FCD989 /* TrackingPrompt.storyboard in Resources */,
				2372159726E9D9EB00FCD989 /* Assets.xcassets in Resources */,
				237215B726EA2EB400FCD989 /* Lato-Medium.ttf in Resources */,
				237215B526EA2EB400FCD989 /* Lato-Regular.ttf in Resources */,
				2372159526E9D9EA00FCD989 /* Main.storyboard in Resources */,
				237215B626EA2EB400FCD989 /* Lato-Light.ttf in Resources */,
			);
			runOnlyForDeploymentPostprocessing = 0;
		};
/* End PBXResourcesBuildPhase section */

/* Begin PBXSourcesBuildPhase section */
		2372158626E9D9EA00FCD989 /* Sources */ = {
			isa = PBXSourcesBuildPhase;
			buildActionMask = 2147483647;
			files = (
				2372159226E9D9EA00FCD989 /* ViewController.swift in Sources */,
				237215A526E9F10500FCD989 /* TrackingPromptViewController.swift in Sources */,
				2372158E26E9D9EA00FCD989 /* AppDelegate.swift in Sources */,
				2372159026E9D9EA00FCD989 /* SceneDelegate.swift in Sources */,
			);
			runOnlyForDeploymentPostprocessing = 0;
		};
/* End PBXSourcesBuildPhase section */

/* Begin PBXVariantGroup section */
		2372159326E9D9EA00FCD989 /* Main.storyboard */ = {
			isa = PBXVariantGroup;
			children = (
				2372159426E9D9EA00FCD989 /* Base */,
			);
			name = Main.storyboard;
			sourceTree = "<group>";
		};
		2372159826E9D9EB00FCD989 /* LaunchScreen.storyboard */ = {
			isa = PBXVariantGroup;
			children = (
				2372159926E9D9EB00FCD989 /* Base */,
			);
			name = LaunchScreen.storyboard;
			sourceTree = "<group>";
		};
/* End PBXVariantGroup section */

/* Begin XCBuildConfiguration section */
		2372159C26E9D9EB00FCD989 /* Debug */ = {
			isa = XCBuildConfiguration;
			buildSettings = {
				ALWAYS_SEARCH_USER_PATHS = NO;
				CLANG_ANALYZER_NONNULL = YES;
				CLANG_ANALYZER_NUMBER_OBJECT_CONVERSION = YES_AGGRESSIVE;
				CLANG_CXX_LANGUAGE_STANDARD = "gnu++14";
				CLANG_CXX_LIBRARY = "libc++";
				CLANG_ENABLE_MODULES = YES;
				CLANG_ENABLE_OBJC_ARC = YES;
				CLANG_ENABLE_OBJC_WEAK = YES;
				CLANG_WARN_BLOCK_CAPTURE_AUTORELEASING = YES;
				CLANG_WARN_BOOL_CONVERSION = YES;
				CLANG_WARN_COMMA = YES;
				CLANG_WARN_CONSTANT_CONVERSION = YES;
				CLANG_WARN_DEPRECATED_OBJC_IMPLEMENTATIONS = YES;
				CLANG_WARN_DIRECT_OBJC_ISA_USAGE = YES_ERROR;
				CLANG_WARN_DOCUMENTATION_COMMENTS = YES;
				CLANG_WARN_EMPTY_BODY = YES;
				CLANG_WARN_ENUM_CONVERSION = YES;
				CLANG_WARN_INFINITE_RECURSION = YES;
				CLANG_WARN_INT_CONVERSION = YES;
				CLANG_WARN_NON_LITERAL_NULL_CONVERSION = YES;
				CLANG_WARN_OBJC_IMPLICIT_RETAIN_SELF = YES;
				CLANG_WARN_OBJC_LITERAL_CONVERSION = YES;
				CLANG_WARN_OBJC_ROOT_CLASS = YES_ERROR;
				CLANG_WARN_QUOTED_INCLUDE_IN_FRAMEWORK_HEADER = YES;
				CLANG_WARN_RANGE_LOOP_ANALYSIS = YES;
				CLANG_WARN_STRICT_PROTOTYPES = YES;
				CLANG_WARN_SUSPICIOUS_MOVE = YES;
				CLANG_WARN_UNGUARDED_AVAILABILITY = YES_AGGRESSIVE;
				CLANG_WARN_UNREACHABLE_CODE = YES;
				CLANG_WARN__DUPLICATE_METHOD_MATCH = YES;
				COPY_PHASE_STRIP = NO;
				DEBUG_INFORMATION_FORMAT = dwarf;
				ENABLE_STRICT_OBJC_MSGSEND = YES;
				ENABLE_TESTABILITY = YES;
				GCC_C_LANGUAGE_STANDARD = gnu11;
				GCC_DYNAMIC_NO_PIC = NO;
				GCC_NO_COMMON_BLOCKS = YES;
				GCC_OPTIMIZATION_LEVEL = 0;
				GCC_PREPROCESSOR_DEFINITIONS = (
					"DEBUG=1",
					"$(inherited)",
				);
				GCC_WARN_64_TO_32_BIT_CONVERSION = YES;
				GCC_WARN_ABOUT_RETURN_TYPE = YES_ERROR;
				GCC_WARN_UNDECLARED_SELECTOR = YES;
				GCC_WARN_UNINITIALIZED_AUTOS = YES_AGGRESSIVE;
				GCC_WARN_UNUSED_FUNCTION = YES;
				GCC_WARN_UNUSED_VARIABLE = YES;
				IPHONEOS_DEPLOYMENT_TARGET = 14.5;
				MTL_ENABLE_DEBUG_INFO = INCLUDE_SOURCE;
				MTL_FAST_MATH = YES;
				ONLY_ACTIVE_ARCH = YES;
				SDKROOT = iphoneos;
				SWIFT_ACTIVE_COMPILATION_CONDITIONS = DEBUG;
				SWIFT_OPTIMIZATION_LEVEL = "-Onone";
			};
			name = Debug;
		};
		2372159D26E9D9EB00FCD989 /* Release */ = {
			isa = XCBuildConfiguration;
			buildSettings = {
				ALWAYS_SEARCH_USER_PATHS = NO;
				CLANG_ANALYZER_NONNULL = YES;
				CLANG_ANALYZER_NUMBER_OBJECT_CONVERSION = YES_AGGRESSIVE;
				CLANG_CXX_LANGUAGE_STANDARD = "gnu++14";
				CLANG_CXX_LIBRARY = "libc++";
				CLANG_ENABLE_MODULES = YES;
				CLANG_ENABLE_OBJC_ARC = YES;
				CLANG_ENABLE_OBJC_WEAK = YES;
				CLANG_WARN_BLOCK_CAPTURE_AUTORELEASING = YES;
				CLANG_WARN_BOOL_CONVERSION = YES;
				CLANG_WARN_COMMA = YES;
				CLANG_WARN_CONSTANT_CONVERSION = YES;
				CLANG_WARN_DEPRECATED_OBJC_IMPLEMENTATIONS = YES;
				CLANG_WARN_DIRECT_OBJC_ISA_USAGE = YES_ERROR;
				CLANG_WARN_DOCUMENTATION_COMMENTS = YES;
				CLANG_WARN_EMPTY_BODY = YES;
				CLANG_WARN_ENUM_CONVERSION = YES;
				CLANG_WARN_INFINITE_RECURSION = YES;
				CLANG_WARN_INT_CONVERSION = YES;
				CLANG_WARN_NON_LITERAL_NULL_CONVERSION = YES;
				CLANG_WARN_OBJC_IMPLICIT_RETAIN_SELF = YES;
				CLANG_WARN_OBJC_LITERAL_CONVERSION = YES;
				CLANG_WARN_OBJC_ROOT_CLASS = YES_ERROR;
				CLANG_WARN_QUOTED_INCLUDE_IN_FRAMEWORK_HEADER = YES;
				CLANG_WARN_RANGE_LOOP_ANALYSIS = YES;
				CLANG_WARN_STRICT_PROTOTYPES = YES;
				CLANG_WARN_SUSPICIOUS_MOVE = YES;
				CLANG_WARN_UNGUARDED_AVAILABILITY = YES_AGGRESSIVE;
				CLANG_WARN_UNREACHABLE_CODE = YES;
				CLANG_WARN__DUPLICATE_METHOD_MATCH = YES;
				COPY_PHASE_STRIP = NO;
				DEBUG_INFORMATION_FORMAT = "dwarf-with-dsym";
				ENABLE_NS_ASSERTIONS = NO;
				ENABLE_STRICT_OBJC_MSGSEND = YES;
				GCC_C_LANGUAGE_STANDARD = gnu11;
				GCC_NO_COMMON_BLOCKS = YES;
				GCC_WARN_64_TO_32_BIT_CONVERSION = YES;
				GCC_WARN_ABOUT_RETURN_TYPE = YES_ERROR;
				GCC_WARN_UNDECLARED_SELECTOR = YES;
				GCC_WARN_UNINITIALIZED_AUTOS = YES_AGGRESSIVE;
				GCC_WARN_UNUSED_FUNCTION = YES;
				GCC_WARN_UNUSED_VARIABLE = YES;
				IPHONEOS_DEPLOYMENT_TARGET = 14.5;
				MTL_ENABLE_DEBUG_INFO = NO;
				MTL_FAST_MATH = YES;
				SDKROOT = iphoneos;
				SWIFT_COMPILATION_MODE = wholemodule;
				SWIFT_OPTIMIZATION_LEVEL = "-O";
				VALIDATE_PRODUCT = YES;
			};
			name = Release;
		};
		2372159F26E9D9EB00FCD989 /* Debug */ = {
			isa = XCBuildConfiguration;
			buildSettings = {
				ASSETCATALOG_COMPILER_APPICON_NAME = AppIcon;
				ASSETCATALOG_COMPILER_GLOBAL_ACCENT_COLOR_NAME = AccentColor;
				CODE_SIGN_STYLE = Automatic;
				DEVELOPMENT_TEAM = 5GG3RA5G6D;
				INFOPLIST_FILE = tracking_prompt_bayut/Info.plist;
				LD_RUNPATH_SEARCH_PATHS = (
					"$(inherited)",
					"@executable_path/Frameworks",
				);
				PRODUCT_BUNDLE_IDENTIFIER = "com.kanaan.tracking-prompt-bayut";
				PRODUCT_NAME = "$(TARGET_NAME)";
				SWIFT_VERSION = 5.0;
				TARGETED_DEVICE_FAMILY = "1,2";
			};
			name = Debug;
		};
		237215A026E9D9EB00FCD989 /* Release */ = {
			isa = XCBuildConfiguration;
			buildSettings = {
				ASSETCATALOG_COMPILER_APPICON_NAME = AppIcon;
				ASSETCATALOG_COMPILER_GLOBAL_ACCENT_COLOR_NAME = AccentColor;
				CODE_SIGN_STYLE = Automatic;
				DEVELOPMENT_TEAM = 5GG3RA5G6D;
				INFOPLIST_FILE = tracking_prompt_bayut/Info.plist;
				LD_RUNPATH_SEARCH_PATHS = (
					"$(inherited)",
					"@executable_path/Frameworks",
				);
				PRODUCT_BUNDLE_IDENTIFIER = "com.kanaan.tracking-prompt-bayut";
				PRODUCT_NAME = "$(TARGET_NAME)";
				SWIFT_VERSION = 5.0;
				TARGETED_DEVICE_FAMILY = "1,2";
			};
			name = Release;
		};
/* End XCBuildConfiguration section */

/* Begin XCConfigurationList section */
		2372158526E9D9EA00FCD989 /* Build configuration list for PBXProject "tracking_prompt_bayut" */ = {
			isa = XCConfigurationList;
			buildConfigurations = (
				2372159C26E9D9EB00FCD989 /* Debug */,
				2372159D26E9D9EB00FCD989 /* Release */,
			);
			defaultConfigurationIsVisible = 0;
			defaultConfigurationName = Release;
		};
		2372159E26E9D9EB00FCD989 /* Build configuration list for PBXNativeTarget "tracking_prompt_bayut" */ = {
			isa = XCConfigurationList;
			buildConfigurations = (
				2372159F26E9D9EB00FCD989 /* Debug */,
				237215A026E9D9EB00FCD989 /* Release */,
			);
			defaultConfigurationIsVisible = 0;
			defaultConfigurationName = Release;
		};
/* End XCConfigurationList section */
	};
	rootObject = 2372158226E9D9EA00FCD989 /* Project object */;
}
